Microsoft Visual Studio Solution File, Format Version 12.00
# Visual Studio 2012
Project("{FAE04EC0-301F-11D3-BF4B-00C04F79EFBC}") = "Touhou - The Bardicol experience", "Touhou - The Bardicol experience.csproj", "{654D3CE3-E77B-427A-8DD0-2032B17F3654}"
EndProject
Global
	GlobalSection(SolutionConfigurationPlatforms) = preSolution
	Debug|Any CPU = Debug|Any CPU
	ExportDebug|Any CPU = ExportDebug|Any CPU
	ExportRelease|Any CPU = ExportRelease|Any CPU
	EndGlobalSection
	GlobalSection(ProjectConfigurationPlatforms) = postSolution
		{654D3CE3-E77B-427A-8DD0-2032B17F3654}.Debug|Any CPU.ActiveCfg = Debug|Any CPU
		{654D3CE3-E77B-427A-8DD0-2032B17F3654}.Debug|Any CPU.Build.0 = Debug|Any CPU
		{654D3CE3-E77B-427A-8DD0-2032B17F3654}.ExportDebug|Any CPU.ActiveCfg = ExportDebug|Any CPU
		{654D3CE3-E77B-427A-8DD0-2032B17F3654}.ExportDebug|Any CPU.Build.0 = ExportDebug|Any CPU
		{654D3CE3-E77B-427A-8DD0-2032B17F3654}.ExportRelease|Any CPU.ActiveCfg = ExportRelease|Any CPU
		{654D3CE3-E77B-427A-8DD0-2032B17F3654}.ExportRelease|Any CPU.Build.0 = ExportRelease|Any CPU
	EndGlobalSection
EndGlobal
